
Microsoft Visual Studio Solution File, Format Version 12.00
# Visual Studio 15
VisualStudioVersion = 15.0.27130.2010
MinimumVisualStudioVersion = 10.0.40219.1
Project("{FAE04EC0-301F-11D3-BF4B-00C04F79EFBC}") = "RaccoonBlog.Web", "RaccoonBlog.Web\RaccoonBlog.Web.csproj", "{98A691E2-B21D-43C2-9B6C-FE21E4F5F4BE}"
EndProject
Global
	GlobalSection(SolutionConfigurationPlatforms) = preSolution
		Debug|Any CPU = Debug|Any CPU
		Release|Any CPU = Release|Any CPU
	EndGlobalSection
	GlobalSection(ProjectConfigurationPlatforms) = postSolution
		{98A691E2-B21D-43C2-9B6C-FE21E4F5F4BE}.Debug|Any CPU.ActiveCfg = Debug|Any CPU
		{98A691E2-B21D-43C2-9B6C-FE21E4F5F4BE}.Debug|Any CPU.Build.0 = Debug|Any CPU
		{98A691E2-B21D-43C2-9B6C-FE21E4F5F4BE}.Release|Any CPU.ActiveCfg = Release|Any CPU
		{98A691E2-B21D-43C2-9B6C-FE21E4F5F4BE}.Release|Any CPU.Build.0 = Release|Any CPU
	EndGlobalSection
	GlobalSection(SolutionProperties) = preSolution
		HideSolutionNode = FALSE
	EndGlobalSection
	GlobalSection(ExtensibilityGlobals) = postSolution
		SolutionGuid = {05ECD304-9767-473F-A22B-22C0E6F76931}
	EndGlobalSection
EndGlobal
